
Microsoft Visual Studio Solution File, Format Version 12.00
# Visual Studio Version 16
VisualStudioVersion = 16.0.31624.102
MinimumVisualStudioVersion = 10.0.40219.1
Project("{FAE04EC0-301F-11D3-BF4B-00C04F79EFBC}") = "Task2SteamTests", "Task2SteamTests.csproj", "{BF59AD0A-6BAF-49B2-8A33-D6D67348F416}"
EndProject
Global
	GlobalSection(SolutionConfigurationPlatforms) = preSolution
		Debug|Any CPU = Debug|Any CPU
		Release|Any CPU = Release|Any CPU
	EndGlobalSection
	GlobalSection(ProjectConfigurationPlatforms) = postSolution
		{BF59AD0A-6BAF-49B2-8A33-D6D67348F416}.Debug|Any CPU.ActiveCfg = Debug|Any CPU
		{BF59AD0A-6BAF-49B2-8A33-D6D67348F416}.Debug|Any CPU.Build.0 = Debug|Any CPU
		{BF59AD0A-6BAF-49B2-8A33-D6D67348F416}.Release|Any CPU.ActiveCfg = Release|Any CPU
		{BF59AD0A-6BAF-49B2-8A33-D6D67348F416}.Release|Any CPU.Build.0 = Release|Any CPU
	EndGlobalSection
	GlobalSection(SolutionProperties) = preSolution
		HideSolutionNode = FALSE
	EndGlobalSection
	GlobalSection(ExtensibilityGlobals) = postSolution
		SolutionGuid = {BE2BFB5E-2373-492D-9235-944BF8EB43DE}
	EndGlobalSection
EndGlobal
